
Microsoft Visual Studio Solution File, Format Version 12.00
# Visual Studio Version 16
VisualStudioVersion = 16.0.31424.327
MinimumVisualStudioVersion = 10.0.40219.1
Project("{FAE04EC0-301F-11D3-BF4B-00C04F79EFBC}") = "DAO", "DAO\DAO.csproj", "{3B59A0A4-C4DA-43A1-8672-2F770DB4E743}"
EndProject
Project("{FAE04EC0-301F-11D3-BF4B-00C04F79EFBC}") = "WebApplication1", "WebApplication1\WebApplication1.csproj", "{D7138A91-178B-47D2-AFC5-38934D8C7CF0}"
EndProject
Global
	GlobalSection(SolutionConfigurationPlatforms) = preSolution
		Debug|Any CPU = Debug|Any CPU
		Release|Any CPU = Release|Any CPU
	EndGlobalSection
	GlobalSection(ProjectConfigurationPlatforms) = postSolution
		{3B59A0A4-C4DA-43A1-8672-2F770DB4E743}.Debug|Any CPU.ActiveCfg = Debug|Any CPU
		{3B59A0A4-C4DA-43A1-8672-2F770DB4E743}.Debug|Any CPU.Build.0 = Debug|Any CPU
		{3B59A0A4-C4DA-43A1-8672-2F770DB4E743}.Release|Any CPU.ActiveCfg = Release|Any CPU
		{3B59A0A4-C4DA-43A1-8672-2F770DB4E743}.Release|Any CPU.Build.0 = Release|Any CPU
		{D7138A91-178B-47D2-AFC5-38934D8C7CF0}.Debug|Any CPU.ActiveCfg = Debug|Any CPU
		{D7138A91-178B-47D2-AFC5-38934D8C7CF0}.Debug|Any CPU.Build.0 = Debug|Any CPU
		{D7138A91-178B-47D2-AFC5-38934D8C7CF0}.Release|Any CPU.ActiveCfg = Release|Any CPU
		{D7138A91-178B-47D2-AFC5-38934D8C7CF0}.Release|Any CPU.Build.0 = Release|Any CPU
	EndGlobalSection
	GlobalSection(SolutionProperties) = preSolution
		HideSolutionNode = FALSE
	EndGlobalSection
	GlobalSection(ExtensibilityGlobals) = postSolution
		SolutionGuid = {178B59FD-4B35-4167-B71F-B067CE7C0F00}
	EndGlobalSection
EndGlobal
